
Microsoft Visual Studio Solution File, Format Version 12.00
# Visual Studio Version 17
VisualStudioVersion = 17.5.33530.505
MinimumVisualStudioVersion = 10.0.40219.1
Project("{9A19103F-16F7-4668-BE54-9A1E7A4F7556}") = "NorthwindCustomersAPI", "NorthwindCustomersAPI\NorthwindCustomersAPI.csproj", "{C08B1CFA-E301-4ED8-9091-D6F74E72DF8C}"
EndProject
Project("{9A19103F-16F7-4668-BE54-9A1E7A4F7556}") = "NorthwindCustomerAPITests", "NorthwindCustomerAPITests\NorthwindCustomerAPITests.csproj", "{BF2921AE-6C1A-4AF7-BFDC-687C3DA633DA}"
EndProject
Global
	GlobalSection(SolutionConfigurationPlatforms) = preSolution
		Debug|Any CPU = Debug|Any CPU
		Release|Any CPU = Release|Any CPU
	EndGlobalSection
	GlobalSection(ProjectConfigurationPlatforms) = postSolution
		{C08B1CFA-E301-4ED8-9091-D6F74E72DF8C}.Debug|Any CPU.ActiveCfg = Debug|Any CPU
		{C08B1CFA-E301-4ED8-9091-D6F74E72DF8C}.Debug|Any CPU.Build.0 = Debug|Any CPU
		{C08B1CFA-E301-4ED8-9091-D6F74E72DF8C}.Release|Any CPU.ActiveCfg = Release|Any CPU
		{C08B1CFA-E301-4ED8-9091-D6F74E72DF8C}.Release|Any CPU.Build.0 = Release|Any CPU
		{BF2921AE-6C1A-4AF7-BFDC-687C3DA633DA}.Debug|Any CPU.ActiveCfg = Debug|Any CPU
		{BF2921AE-6C1A-4AF7-BFDC-687C3DA633DA}.Debug|Any CPU.Build.0 = Debug|Any CPU
		{BF2921AE-6C1A-4AF7-BFDC-687C3DA633DA}.Release|Any CPU.ActiveCfg = Release|Any CPU
		{BF2921AE-6C1A-4AF7-BFDC-687C3DA633DA}.Release|Any CPU.Build.0 = Release|Any CPU
	EndGlobalSection
	GlobalSection(SolutionProperties) = preSolution
		HideSolutionNode = FALSE
	EndGlobalSection
	GlobalSection(ExtensibilityGlobals) = postSolution
		SolutionGuid = {3B7ACA71-AD0E-4EE1-805E-D05FFB3E3BF0}
	EndGlobalSection
EndGlobal
